// !$*UTF8*$!
{
	archiveVersion = 1;
	classes = {
	};
	objectVersion = 60;
	objects = {

/* BEGIN PBXBuildFile section */
		11010101 /* ZAnimeApp.swift in Sources */ = {isa = PBXBuildFile; fileRef = 22010101 /* ZAnimeApp.swift */; };
		11010102 /* Models.swift in Sources */ = {isa = PBXBuildFile; fileRef = 22010102 /* Models.swift */; };
		11010103 /* CloudflareManager.swift in Sources */ = {isa = PBXBuildFile; fileRef = 22010103 /* CloudflareManager.swift */; };
		11010104 /* ScraperManager.swift in Sources */ = {isa = PBXBuildFile; fileRef = 22010104 /* ScraperManager.swift */; };
		11010105 /* ZAnimeViewModel.swift in Sources */ = {isa = PBXBuildFile; fileRef = 22010105 /* ZAnimeViewModel.swift */; };
		11010106 /* HomeView.swift in Sources */ = {isa = PBXBuildFile; fileRef = 22010106 /* HomeView.swift */; };
		11010107 /* AnimeDetailView.swift in Sources */ = {isa = PBXBuildFile; fileRef = 22010107 /* AnimeDetailView.swift */; };
		11010108 /* PlayerView.swift in Sources */ = {isa = PBXBuildFile; fileRef = 22010108 /* PlayerView.swift */; };
/* END PBXBuildFile section */

/* BEGIN PBXFileReference section */
		22010101 /* ZAnimeApp.swift */ = {isa = PBXFileReference; lastKnownFileType = sourcecode.swift; name = ZAnimeApp.swift; path = ZAnime/ZAnimeApp.swift; sourceTree = "<group>"; };
		22010102 /* Models.swift */ = {isa = PBXFileReference; lastKnownFileType = sourcecode.swift; name = Models.swift; path = ZAnime/Models.swift; sourceTree = "<group>"; };
		22010103 /* CloudflareManager.swift */ = {isa = PBXFileReference; lastKnownFileType = sourcecode.swift; name = CloudflareManager.swift; path = ZAnime/CloudflareManager.swift; sourceTree = "<group>"; };
		22010104 /* ScraperManager.swift */ = {isa = PBXFileReference; lastKnownFileType = sourcecode.swift; name = ScraperManager.swift; path = ZAnime/ScraperManager.swift; sourceTree = "<group>"; };
		22010105 /* ZAnimeViewModel.swift */ = {isa = PBXFileReference; lastKnownFileType = sourcecode.swift; name = ZAnimeViewModel.swift; path = ZAnime/ZAnimeViewModel.swift; sourceTree = "<group>"; };
		22010106 /* HomeView.swift */ = {isa = PBXFileReference; lastKnownFileType = sourcecode.swift; name = HomeView.swift; path = ZAnime/HomeView.swift; sourceTree = "<group>"; };
		22010107 /* AnimeDetailView.swift */ = {isa = PBXFileReference; lastKnownFileType = sourcecode.swift; name = AnimeDetailView.swift; path = ZAnime/AnimeDetailView.swift; sourceTree = "<group>"; };
		22010108 /* PlayerView.swift */ = {isa = PBXFileReference; lastKnownFileType = sourcecode.swift; name = PlayerView.swift; path = ZAnime/PlayerView.swift; sourceTree = "<group>"; };
		22010109 /* Info.plist */ = {isa = PBXFileReference; lastKnownFileType = text.plist.xml; name = Info.plist; path = ZAnime/Info.plist; sourceTree = "<group>"; };
		77010101 /* ZAnime.app */ = {isa = PBXFileReference; explicitFileType = wrapper.application; includeInIndex = 0; path = ZAnime.app; sourceTree = BUILT_PRODUCTS_DIR; };
/* END PBXFileReference section */

/* BEGIN PBXFrameworksBuildPhase section */
		66010102 /* Frameworks */ = {
			isa = PBXFrameworksBuildPhase;
			buildActionMask = 2147483647;
			files = ();
			runOnlyForDeploymentPostprocessing = 0;
		};
/* END PBXFrameworksBuildPhase section */

/* BEGIN PBXGroup section */
		33010101 /* MainGroup */ = {
			isa = PBXGroup;
			children = (
				33010102 /* ZAnimeSource */,
				77010101 /* ZAnime.app */,
			);
			sourceTree = "<group>";
		};
		33010102 /* ZAnimeSource */ = {
			isa = PBXGroup;
			children = (
				22010101 /* ZAnimeApp.swift */,
				22010102 /* Models.swift */,
				22010103 /* CloudflareManager.swift */,
				22010104 /* ScraperManager.swift */,
				22010105 /* ZAnimeViewModel.swift */,
				22010106 /* HomeView.swift */,
				22010107 /* AnimeDetailView.swift */,
				22010108 /* PlayerView.swift */,
				22010109 /* Info.plist */,
			);
			name = ZAnime;
			sourceTree = "<group>";
		};
/* END PBXGroup section */

/* BEGIN PBXNativeTarget section */
		44010101 /* ZAnime */ = {
			isa = PBXNativeTarget;
			buildConfigurationList = 55010101 /* BuildConfigs */;
			buildPhases = (
				66010101 /* Sources */,
				66010102 /* Frameworks */,
			);
			buildRules = ();
			dependencies = ();
			name = ZAnime;
			productName = ZAnime;
			productReference = 77010101 /* ZAnime.app */;
			productType = "com.apple.product-type.application";
		};
/* END PBXNativeTarget section */

/* BEGIN PBXProject section */
		88010101 /* Project object */ = {
			isa = PBXProject;
			attributes = {
				BuildIndependentTargetsInParallel = YES;
				LastSwiftUpdateCheck = 1600;
				TargetAttributes = {
					44010101 = { CreatedOnToolsVersion = 16.0; };
				};
			};
			buildConfigurationList = 55010102 /* ProjectBuildConfigs */;
			compatibilityVersion = "Xcode 14.0";
			developmentRegion = en;
			hasScannedForEncodings = 0;
			knownRegions = (en, Base);
			mainGroup = 33010101 /* MainGroup */;
			productRefGroup = 33010101 /* MainGroup */;
			projectDirPath = "";
			projectRoot = "";
			targets = (44010101 /* ZAnime */);
		};
/* END PBXProject section */

/* BEGIN PBXSourcesBuildPhase section */
		66010101 /* Sources */ = {
			isa = PBXSourcesBuildPhase;
			buildActionMask = 2147483647;
			files = (
				11010101, 11010102, 11010103, 11010104, 11010105, 11010106, 11010107, 11010108,
			);
			runOnlyForDeploymentPostprocessing = 0;
		};
/* END PBXSourcesBuildPhase section */

/* BEGIN XCBuildConfiguration section */
		99010101 /* Debug */ = {
			isa = XCBuildConfiguration;
			buildSettings = {
				ASSETCATALOG_COMPILER_APPICON_NAME = AppIcon;
				CODE_SIGNING_ALLOWED = NO;
				CODE_SIGNING_REQUIRED = NO;
				CODE_SIGN_STYLE = Manual;
				INFOPLIST_FILE = ZAnime/Info.plist;
				IPHONEOS_DEPLOYMENT_TARGET = 16.0;
				PRODUCT_BUNDLE_IDENTIFIER = com.zanime.app;
				PRODUCT_NAME = "$(TARGET_NAME)";
				SDKROOT = iphoneos;
				SWIFT_VERSION = 5.0;
				TARGETED_DEVICE_FAMILY = "1,2";
			};
			name = Debug;
		};
		99010102 /* Release */ = {
			isa = XCBuildConfiguration;
			buildSettings = {
				ASSETCATALOG_COMPILER_APPICON_NAME = AppIcon;
				CODE_SIGNING_ALLOWED = NO;
				CODE_SIGNING_REQUIRED = NO;
				CODE_SIGN_STYLE = Manual;
				INFOPLIST_FILE = ZAnime/Info.plist;
				IPHONEOS_DEPLOYMENT_TARGET = 16.0;
				PRODUCT_BUNDLE_IDENTIFIER = com.zanime.app;
				PRODUCT_NAME = "$(TARGET_NAME)";
				SDKROOT = iphoneos;
				SWIFT_VERSION = 5.0;
				TARGETED_DEVICE_FAMILY = "1,2";
			};
			name = Release;
		};
/* END XCBuildConfiguration section */

/* BEGIN XCConfigurationList section */
		55010101 /* BuildConfigs */ = { isa = XCConfigurationList; buildConfigurations = (99010101, 99010102); defaultConfigurationIsVisible = 0; defaultConfigurationName = Release; };
		55010102 /* ProjectBuildConfigs */ = { isa = XCConfigurationList; buildConfigurations = (99010101, 99010102); defaultConfigurationIsVisible = 0; defaultConfigurationName = Release; };
/* END XCConfigurationList section */
	};
	rootObject = 88010101 /* Project object */;
}
