// !$*UTF8*$!
{
	archiveVersion = 1;
	classes = {};
	objectVersion = 60;
	objects = {

/* BEGIN PBXBuildFile section */
		11010101 /* ZAnimeApp.swift in Sources */ = {isa = PBXBuildFile; fileRef = 22010101; };
		11010102 /* Models.swift in Sources */ = {isa = PBXBuildFile; fileRef = 22010102; };
		11010103 /* CloudflareManager.swift in Sources */ = {isa = PBXBuildFile; fileRef = 22010103; };
		11010104 /* ScraperManager.swift in Sources */ = {isa = PBXBuildFile; fileRef = 22010104; };
		11010105 /* ZAnimeViewModel.swift in Sources */ = {isa = PBXBuildFile; fileRef = 22010105; };
		11010106 /* HomeView.swift in Sources */ = {isa = PBXBuildFile; fileRef = 22010106; };
		11010107 /* AnimeDetailView.swift in Sources */ = {isa = PBXBuildFile; fileRef = 22010107; };
		11010108 /* PlayerView.swift in Sources */ = {isa = PBXBuildFile; fileRef = 22010108; };
/* END PBXBuildFile section */

/* BEGIN PBXFileReference section */
		22010101 /* ZAnimeApp.swift */ = {isa = PBXFileReference; lastKnownFileType = sourcecode.swift; path = ZAnimeApp.swift; sourceTree = "<group>"; };
		22010102 /* Models.swift */ = {isa = PBXFileReference; lastKnownFileType = sourcecode.swift; path = Models/Models.swift; sourceTree = "<group>"; };
		22010103 /* CloudflareManager.swift */ = {isa = PBXFileReference; lastKnownFileType = sourcecode.swift; path = Services/CloudflareManager.swift; sourceTree = "<group>"; };
		22010104 /* ScraperManager.swift */ = {isa = PBXFileReference; lastKnownFileType = sourcecode.swift; path = Services/ScraperManager.swift; sourceTree = "<group>"; };
		22010105 /* ZAnimeViewModel.swift */ = {isa = PBXFileReference; lastKnownFileType = sourcecode.swift; path = ViewModels/ZAnimeViewModel.swift; sourceTree = "<group>"; };
		22010106 /* HomeView.swift */ = {isa = PBXFileReference; lastKnownFileType = sourcecode.swift; path = Views/HomeView.swift; sourceTree = "<group>"; };
		22010107 /* AnimeDetailView.swift */ = {isa = PBXFileReference; lastKnownFileType = sourcecode.swift; path = Views/AnimeDetailView.swift; sourceTree = "<group>"; };
		22010108 /* PlayerView.swift */ = {isa = PBXFileReference; lastKnownFileType = sourcecode.swift; path = Views/PlayerView.swift; sourceTree = "<group>"; };
		22010109 /* Info.plist */ = {isa = PBXFileReference; lastKnownFileType = text.plist.xml; path = Info.plist; sourceTree = "<group>"; };
		77010101 /* ZAnime.app */ = {isa = PBXFileReference; explicitFileType = wrapper.application; includeInIndex = 0; path = ZAnime.app; sourceTree = BUILT_PRODUCTS_DIR; };
/* END PBXFileReference section */

/* BEGIN PBXGroup section */
		33010101 /* MainGroup */ = {
			isa = PBXGroup;
			children = (
				33010102 /* ZAnime */,
				77010101 /* ZAnime.app */,
			);
			sourceTree = "<group>";
		};
		33010102 /* ZAnime */ = {
			isa = PBXGroup;
			children = (
				22010101, 22010102, 22010103, 22010104, 22010105, 22010106, 22010107, 22010108, 22010109,
			);
			path = ZAnime;
			sourceTree = "<group>";
		};
/* END PBXGroup section */

/* BEGIN PBXNativeTarget section */
		44010101 /* ZAnime */ = {
			isa = PBXNativeTarget;
			buildConfigurationList = 55010101;
			buildPhases = (66010101, 66010102);
			buildRules = ();
			dependencies = ();
			name = ZAnime;
			productName = ZAnime;
			productReference = 77010101;
			productType = "com.apple.product-type.application";
		};
/* END PBXNativeTarget section */

/* BEGIN PBXProject section */
		88010101 /* Project object */ = {
			isa = PBXProject;
			attributes = { LastSwiftUpdateCheck = 1600; TargetAttributes = { 44010101 = { CreatedOnToolsVersion = 16.0; }; }; };
			buildConfigurationList = 55010102;
			compatibilityVersion = "Xcode 14.0";
			mainGroup = 33010101;
			productRefGroup = 33010101;
			targets = (44010101);
		};
/* END PBXProject section */

/* BEGIN PBXSourcesBuildPhase section */
		66010101 /* Sources */ = {
			isa = PBXSourcesBuildPhase;
			buildActionMask = 2147483647;
			files = (11010101, 11010102, 11010103, 11010104, 11010105, 11010106, 11010107, 11010108);
			runOnlyForDeploymentPostprocessing = 0;
		};
/* END PBXSourcesBuildPhase section */

/* BEGIN PBXFrameworksBuildPhase section */
		66010102 /* Frameworks */ = { isa = PBXFrameworksBuildPhase; buildActionMask = 2147483647; files = (); runOnlyForDeploymentPostprocessing = 0; };
/* END PBXFrameworksBuildPhase section */

/* BEGIN XCBuildConfiguration section */
		99010101 /* Debug */ = {
			isa = XCBuildConfiguration;
			buildSettings = {
				ASSETCATALOG_COMPILER_APPICON_NAME = AppIcon;
				CODE_SIGNING_ALLOWED = NO;
				INFOPLIST_FILE = ZAnime/Info.plist;
				IPHONEOS_DEPLOYMENT_TARGET = 16.0;
				PRODUCT_BUNDLE_IDENTIFIER = com.zanime.app;
				PRODUCT_NAME = "$(TARGET_NAME)";
				SDKROOT = iphoneos;
				SWIFT_VERSION = 5.0;
				TARGETED_DEVICE_FAMILY = "1,2";
			};
			name = Debug;
		};
		99010102 /* Release */ = {
			isa = XCBuildConfiguration;
			buildSettings = {
				ASSETCATALOG_COMPILER_APPICON_NAME = AppIcon;
				CODE_SIGNING_ALLOWED = NO;
				INFOPLIST_FILE = ZAnime/Info.plist;
				IPHONEOS_DEPLOYMENT_TARGET = 16.0;
				PRODUCT_BUNDLE_IDENTIFIER = com.zanime.app;
				PRODUCT_NAME = "$(TARGET_NAME)";
				SDKROOT = iphoneos;
				SWIFT_VERSION = 5.0;
				TARGETED_DEVICE_FAMILY = "1,2";
			};
			name = Release;
		};
/* END XCBuildConfiguration section */

/* BEGIN XCConfigurationList section */
		55010101 = { isa = XCConfigurationList; buildConfigurations = (99010101, 99010102); defaultConfigurationName = Release; };
		55010102 = { isa = XCConfigurationList; buildConfigurations = (99010101, 99010102); defaultConfigurationName = Release; };
/* END XCConfigurationList section */
	};
	rootObject = 88010101;
}
